
Microsoft Visual Studio Solution File, Format Version 12.00
# Visual Studio Version 17
VisualStudioVersion = 17.2.32516.85
MinimumVisualStudioVersion = 10.0.40219.1
Project("{FAE04EC0-301F-11D3-BF4B-00C04F79EFBC}") = "Biorhythms", "Biorhythms.csproj", "{9E54B1E5-8C28-4139-BE1B-547E9FB4E31A}"
EndProject
Global
	GlobalSection(SolutionConfigurationPlatforms) = preSolution
		Debug|Any CPU = Debug|Any CPU
		Release|Any CPU = Release|Any CPU
	EndGlobalSection
	GlobalSection(ProjectConfigurationPlatforms) = postSolution
		{9E54B1E5-8C28-4139-BE1B-547E9FB4E31A}.Debug|Any CPU.ActiveCfg = Debug|Any CPU
		{9E54B1E5-8C28-4139-BE1B-547E9FB4E31A}.Debug|Any CPU.Build.0 = Debug|Any CPU
		{9E54B1E5-8C28-4139-BE1B-547E9FB4E31A}.Release|Any CPU.ActiveCfg = Release|Any CPU
		{9E54B1E5-8C28-4139-BE1B-547E9FB4E31A}.Release|Any CPU.Build.0 = Release|Any CPU
	EndGlobalSection
	GlobalSection(SolutionProperties) = preSolution
		HideSolutionNode = FALSE
	EndGlobalSection
	GlobalSection(ExtensibilityGlobals) = postSolution
		SolutionGuid = {AA765354-98C0-4469-B47C-15EC9E83C787}
	EndGlobalSection
EndGlobal
